{
  "name": "npm-for-py",
  "version": "1.0.0",
  "lockfileVersion": 1,
  "requires": true,
  "dependencies": {
    "@pypi/chardet": {
      "version": "3.0.5",
      "resolved": "https://registry.npmjs.org/@pypi/chardet/-/chardet-3.0.5.tgz",
      "integrity": "sha512-OLIHeHu/Yq8oeRVngZncPC0pD2b5u9x8HFpS6azYcO8/T470L5N8qKfLDXJqdWdAuISLQiIF5EeRsWGI3EeBkA=="
    },
    "@pypi/django": {
      "version": "1.11.5",
      "resolved": "https://registry.npmjs.org/@pypi/django/-/django-1.11.5.tgz",
      "integrity": "sha512-ciedaNGRY2Qbm4WwyIfGDMxYLSdjQUprOxCT7UKd7BIOj+Y/mtVokCU3Yp9RdsJYGyZp4hLc3t+hXYz15czV1A=="
    },
    "@pypi/idna": {
      "version": "2.6.0",
      "resolved": "https://registry.npmjs.org/@pypi/idna/-/idna-2.6.0.tgz",
      "integrity": "sha512-UKvec1zisHaCUFvb1qGISwztp0dz4wEa27vot7bwngIqgVIxYzSapkYvhCR0UaaEU1PHvO8EqE7ehcEmd3hHLA=="
    },
    "@pypi/python-certifi": {
      "version": "2017.7.27",
      "resolved": "https://registry.npmjs.org/@pypi/python-certifi/-/python-certifi-2017.7.27.tgz",
      "integrity": "sha512-an72sfmGmRVNlG293lMFTjQBVX8qX3WSsDW9nUBh22ki77lOI9/bydhjk63WVXqkPfE5pd100v7lH1LNWB4RdQ=="
    },
    "@pypi/requests": {
      "version": "2.18.6",
      "resolved": "https://registry.npmjs.org/@pypi/requests/-/requests-2.18.6.tgz",
      "integrity": "sha512-vIcm1Em39sSbrIueyY/VslvvJNVbBOrxIT4xKJD0luGooqaH/KSMs70+/6Jb7CuNNX+p75wrwKzL3EcbIHiHUg=="
    },
    "@pypi/urllib3": {
      "version": "1.22.1",
      "resolved": "https://registry.npmjs.org/@pypi/urllib3/-/urllib3-1.22.1.tgz",
      "integrity": "sha512-8wUweX1USBoJZRitYBIvwXuBu4x//wttirB0QV+Zb+H7x5R/MGyqet0YfQf7I+Pn/x8HVKplEbcuTZxTVRaylQ=="
    }
  }
}
